
Microsoft Visual Studio Solution File, Format Version 12.00
# Visual Studio Version 18
VisualStudioVersion = 18.9.12112.369 stable
MinimumVisualStudioVersion = 10.0.40219.1
Project("{FAE04EC0-301F-11D3-BF4B-00C04F79EFBC}") = "RAIZA", "RAIZA.csproj", "{8C3F89AD-AE20-4A3A-93B6-AAAE347224A2}"
EndProject
Global
	GlobalSection(SolutionConfigurationPlatforms) = preSolution
		Debug|Any CPU = Debug|Any CPU
		Release|Any CPU = Release|Any CPU
	EndGlobalSection
	GlobalSection(ProjectConfigurationPlatforms) = postSolution
		{8C3F89AD-AE20-4A3A-93B6-AAAE347224A2}.Debug|Any CPU.ActiveCfg = Debug|Any CPU
		{8C3F89AD-AE20-4A3A-93B6-AAAE347224A2}.Debug|Any CPU.Build.0 = Debug|Any CPU
		{8C3F89AD-AE20-4A3A-93B6-AAAE347224A2}.Release|Any CPU.ActiveCfg = Release|Any CPU
		{8C3F89AD-AE20-4A3A-93B6-AAAE347224A2}.Release|Any CPU.Build.0 = Release|Any CPU
	EndGlobalSection
	GlobalSection(SolutionProperties) = preSolution
		HideSolutionNode = FALSE
	EndGlobalSection
	GlobalSection(ExtensibilityGlobals) = postSolution
		SolutionGuid = {4D6E70C0-9FF6-4203-850B-5B56E3E98D38}
	EndGlobalSection
EndGlobal
